
Microsoft Visual Studio Solution File, Format Version 12.00
# Visual Studio 15
VisualStudioVersion = 15.0.28307.757
MinimumVisualStudioVersion = 10.0.40219.1
Project("{FAE04EC0-301F-11D3-BF4B-00C04F79EFBC}") = "MediaToText.AI", "MediaToText.AI\MediaToText.AI.csproj", "{73339637-D66F-4932-B6B1-F311F738E568}"
EndProject
Global
	GlobalSection(SolutionConfigurationPlatforms) = preSolution
		Debug|Any CPU = Debug|Any CPU
		Release|Any CPU = Release|Any CPU
	EndGlobalSection
	GlobalSection(ProjectConfigurationPlatforms) = postSolution
		{73339637-D66F-4932-B6B1-F311F738E568}.Debug|Any CPU.ActiveCfg = Debug|Any CPU
		{73339637-D66F-4932-B6B1-F311F738E568}.Debug|Any CPU.Build.0 = Debug|Any CPU
		{73339637-D66F-4932-B6B1-F311F738E568}.Release|Any CPU.ActiveCfg = Release|Any CPU
		{73339637-D66F-4932-B6B1-F311F738E568}.Release|Any CPU.Build.0 = Release|Any CPU
	EndGlobalSection
	GlobalSection(SolutionProperties) = preSolution
		HideSolutionNode = FALSE
	EndGlobalSection
	GlobalSection(ExtensibilityGlobals) = postSolution
		SolutionGuid = {0D874F69-F3F4-46AB-A986-565508D24CDF}
	EndGlobalSection
EndGlobal
